// !$*UTF8*$!
{
	archiveVersion = 1;
	classes = {
	};
	objectVersion = 50;
	objects = {

/* Begin PBXBuildFile section */
		971C888C2469B31700E04982 /* AppDelegate.m in Sources */ = {isa = PBXBuildFile; fileRef = 971C888B2469B31700E04982 /* AppDelegate.m */; };
		971C88952469B31700E04982 /* Main.storyboard in Resources */ = {isa = PBXBuildFile; fileRef = 971C88932469B31700E04982 /* Main.storyboard */; };
		971C88972469B31900E04982 /* Assets.xcassets in Resources */ = {isa = PBXBuildFile; fileRef = 971C88962469B31900E04982 /* Assets.xcassets */; };
		971C889A2469B31900E04982 /* LaunchScreen.storyboard in Resources */ = {isa = PBXBuildFile; fileRef = 971C88982469B31900E04982 /* LaunchScreen.storyboard */; };
		971C889D2469B31900E04982 /* main.m in Sources */ = {isa = PBXBuildFile; fileRef = 971C889C2469B31900E04982 /* main.m */; };
		971C88A52469B33C00E04982 /* BNRItemsViewController.m in Sources */ = {isa = PBXBuildFile; fileRef = 971C88A42469B33C00E04982 /* BNRItemsViewController.m */; };
		971C88A82469B74300E04982 /* BNRItem.m in Sources */ = {isa = PBXBuildFile; fileRef = 971C88A72469B74300E04982 /* BNRItem.m */; };
		971C88B02469C70800E04982 /* HeaderView.xib in Resources */ = {isa = PBXBuildFile; fileRef = 971C88AF2469C70800E04982 /* HeaderView.xib */; };
		971C88B32469D01C00E04982 /* BNRDetailViewController.m in Sources */ = {isa = PBXBuildFile; fileRef = 971C88B22469D01C00E04982 /* BNRDetailViewController.m */; };
		971C88B52469D03C00E04982 /* BNRItem.xib in Resources */ = {isa = PBXBuildFile; fileRef = 971C88B42469D03C00E04982 /* BNRItem.xib */; };
		971C88B82469D70E00E04982 /* BNRItemStore.m in Sources */ = {isa = PBXBuildFile; fileRef = 971C88B72469D70E00E04982 /* BNRItemStore.m */; };
		971C88BB2469D9B400E04982 /* BNRImageStore.m in Sources */ = {isa = PBXBuildFile; fileRef = 971C88BA2469D9B400E04982 /* BNRImageStore.m */; };
		973B8C1C2499B38B008A3510 /* BNRItemCell.xib in Resources */ = {isa = PBXBuildFile; fileRef = 973B8C1B2499B38B008A3510 /* BNRItemCell.xib */; };
		973B8C23249B341B008A3510 /* BNRItemCell.m in Sources */ = {isa = PBXBuildFile; fileRef = 973B8C22249B341B008A3510 /* BNRItemCell.m */; };
/* End PBXBuildFile section */

/* Begin PBXFileReference section */
		971C88872469B31700E04982 /* Homepwner.app */ = {isa = PBXFileReference; explicitFileType = wrapper.application; includeInIndex = 0; path = Homepwner.app; sourceTree = BUILT_PRODUCTS_DIR; };
		971C888A2469B31700E04982 /* AppDelegate.h */ = {isa = PBXFileReference; lastKnownFileType = sourcecode.c.h; path = AppDelegate.h; sourceTree = "<group>"; };
		971C888B2469B31700E04982 /* AppDelegate.m */ = {isa = PBXFileReference; lastKnownFileType = sourcecode.c.objc; path = AppDelegate.m; sourceTree = "<group>"; };
		971C88942469B31700E04982 /* Base */ = {isa = PBXFileReference; lastKnownFileType = file.storyboard; name = Base; path = Base.lproj/Main.storyboard; sourceTree = "<group>"; };
		971C88962469B31900E04982 /* Assets.xcassets */ = {isa = PBXFileReference; lastKnownFileType = folder.assetcatalog; path = Assets.xcassets; sourceTree = "<group>"; };
		971C88992469B31900E04982 /* Base */ = {isa = PBXFileReference; lastKnownFileType = file.storyboard; name = Base; path = Base.lproj/LaunchScreen.storyboard; sourceTree = "<group>"; };
		971C889B2469B31900E04982 /* Info.plist */ = {isa = PBXFileReference; lastKnownFileType = text.plist.xml; path = Info.plist; sourceTree = "<group>"; };
		971C889C2469B31900E04982 /* main.m */ = {isa = PBXFileReference; lastKnownFileType = sourcecode.c.objc; path = main.m; sourceTree = "<group>"; };
		971C88A32469B33C00E04982 /* BNRItemsViewController.h */ = {isa = PBXFileReference; lastKnownFileType = sourcecode.c.h; path = BNRItemsViewController.h; sourceTree = "<group>"; };
		971C88A42469B33C00E04982 /* BNRItemsViewController.m */ = {isa = PBXFileReference; lastKnownFileType = sourcecode.c.objc; path = BNRItemsViewController.m; sourceTree = "<group>"; };
		971C88A62469B74300E04982 /* BNRItem.h */ = {isa = PBXFileReference; lastKnownFileType = sourcecode.c.h; path = BNRItem.h; sourceTree = "<group>"; };
		971C88A72469B74300E04982 /* BNRItem.m */ = {isa = PBXFileReference; lastKnownFileType = sourcecode.c.objc; path = BNRItem.m; sourceTree = "<group>"; };
		971C88AF2469C70800E04982 /* HeaderView.xib */ = {isa = PBXFileReference; lastKnownFileType = file.xib; path = HeaderView.xib; sourceTree = "<group>"; };
		971C88B12469D01C00E04982 /* BNRDetailViewController.h */ = {isa = PBXFileReference; lastKnownFileType = sourcecode.c.h; path = BNRDetailViewController.h; sourceTree = "<group>"; };
		971C88B22469D01C00E04982 /* BNRDetailViewController.m */ = {isa = PBXFileReference; lastKnownFileType = sourcecode.c.objc; path = BNRDetailViewController.m; sourceTree = "<group>"; };
		971C88B42469D03C00E04982 /* BNRItem.xib */ = {isa = PBXFileReference; lastKnownFileType = file.xib; path = BNRItem.xib; sourceTree = "<group>"; };
		971C88B62469D70E00E04982 /* BNRItemStore.h */ = {isa = PBXFileReference; fileEncoding = 4; lastKnownFileType = sourcecode.c.h; path = BNRItemStore.h; sourceTree = "<group>"; };
		971C88B72469D70E00E04982 /* BNRItemStore.m */ = {isa = PBXFileReference; fileEncoding = 4; lastKnownFileType = sourcecode.c.objc; path = BNRItemStore.m; sourceTree = "<group>"; };
		971C88B92469D9B400E04982 /* BNRImageStore.h */ = {isa = PBXFileReference; lastKnownFileType = sourcecode.c.h; path = BNRImageStore.h; sourceTree = "<group>"; };
		971C88BA2469D9B400E04982 /* BNRImageStore.m */ = {isa = PBXFileReference; lastKnownFileType = sourcecode.c.objc; path = BNRImageStore.m; sourceTree = "<group>"; };
		973B8C1B2499B38B008A3510 /* BNRItemCell.xib */ = {isa = PBXFileReference; lastKnownFileType = file.xib; path = BNRItemCell.xib; sourceTree = "<group>"; };
		973B8C21249B341B008A3510 /* BNRItemCell.h */ = {isa = PBXFileReference; lastKnownFileType = sourcecode.c.h; path = BNRItemCell.h; sourceTree = "<group>"; };
		973B8C22249B341B008A3510 /* BNRItemCell.m */ = {isa = PBXFileReference; lastKnownFileType = sourcecode.c.objc; path = BNRItemCell.m; sourceTree = "<group>"; };
/* End PBXFileReference section */

/* Begin PBXFrameworksBuildPhase section */
		971C88842469B31700E04982 /* Frameworks */ = {
			isa = PBXFrameworksBuildPhase;
			buildActionMask = 2147483647;
			files = (
			);
			runOnlyForDeploymentPostprocessing = 0;
		};
/* End PBXFrameworksBuildPhase section */

/* Begin PBXGroup section */
		971C887E2469B31600E04982 = {
			isa = PBXGroup;
			children = (
				971C88892469B31700E04982 /* Homepwner */,
				971C88882469B31700E04982 /* Products */,
			);
			sourceTree = "<group>";
		};
		971C88882469B31700E04982 /* Products */ = {
			isa = PBXGroup;
			children = (
				971C88872469B31700E04982 /* Homepwner.app */,
			);
			name = Products;
			sourceTree = "<group>";
		};
		971C88892469B31700E04982 /* Homepwner */ = {
			isa = PBXGroup;
			children = (
				971C889B2469B31900E04982 /* Info.plist */,
				971C88AB2469B88900E04982 /* Controller */,
				971C88A92469B7B500E04982 /* Model */,
				971C88AA2469B87600E04982 /* SupportingFiles */,
			);
			path = Homepwner;
			sourceTree = "<group>";
		};
		971C88A92469B7B500E04982 /* Model */ = {
			isa = PBXGroup;
			children = (
				971C88B62469D70E00E04982 /* BNRItemStore.h */,
				971C88B72469D70E00E04982 /* BNRItemStore.m */,
				971C88A62469B74300E04982 /* BNRItem.h */,
				971C88A72469B74300E04982 /* BNRItem.m */,
				971C88B92469D9B400E04982 /* BNRImageStore.h */,
				971C88BA2469D9B400E04982 /* BNRImageStore.m */,
			);
			path = Model;
			sourceTree = "<group>";
		};
		971C88AA2469B87600E04982 /* SupportingFiles */ = {
			isa = PBXGroup;
			children = (
				971C88AF2469C70800E04982 /* HeaderView.xib */,
				971C88962469B31900E04982 /* Assets.xcassets */,
				971C889C2469B31900E04982 /* main.m */,
				971C88982469B31900E04982 /* LaunchScreen.storyboard */,
				971C88932469B31700E04982 /* Main.storyboard */,
				971C88B42469D03C00E04982 /* BNRItem.xib */,
				973B8C1B2499B38B008A3510 /* BNRItemCell.xib */,
				973B8C20249B32FB008A3510 /* View */,
			);
			path = SupportingFiles;
			sourceTree = "<group>";
		};
		971C88AB2469B88900E04982 /* Controller */ = {
			isa = PBXGroup;
			children = (
				971C88A32469B33C00E04982 /* BNRItemsViewController.h */,
				971C88A42469B33C00E04982 /* BNRItemsViewController.m */,
				971C888A2469B31700E04982 /* AppDelegate.h */,
				971C888B2469B31700E04982 /* AppDelegate.m */,
				971C88B12469D01C00E04982 /* BNRDetailViewController.h */,
				971C88B22469D01C00E04982 /* BNRDetailViewController.m */,
			);
			path = Controller;
			sourceTree = "<group>";
		};
		973B8C20249B32FB008A3510 /* View */ = {
			isa = PBXGroup;
			children = (
				973B8C21249B341B008A3510 /* BNRItemCell.h */,
				973B8C22249B341B008A3510 /* BNRItemCell.m */,
			);
			path = View;
			sourceTree = "<group>";
		};
/* End PBXGroup section */

/* Begin PBXNativeTarget section */
		971C88862469B31700E04982 /* Homepwner */ = {
			isa = PBXNativeTarget;
			buildConfigurationList = 971C88A02469B31900E04982 /* Build configuration list for PBXNativeTarget "Homepwner" */;
			buildPhases = (
				971C88832469B31700E04982 /* Sources */,
				971C88842469B31700E04982 /* Frameworks */,
				971C88852469B31700E04982 /* Resources */,
			);
			buildRules = (
			);
			dependencies = (
			);
			name = Homepwner;
			productName = Homepwner;
			productReference = 971C88872469B31700E04982 /* Homepwner.app */;
			productType = "com.apple.product-type.application";
		};
/* End PBXNativeTarget section */

/* Begin PBXProject section */
		971C887F2469B31600E04982 /* Project object */ = {
			isa = PBXProject;
			attributes = {
				LastUpgradeCheck = 1150;
				ORGANIZATIONNAME = "Stella Xu";
				TargetAttributes = {
					971C88862469B31700E04982 = {
						CreatedOnToolsVersion = 11.5;
					};
				};
			};
			buildConfigurationList = 971C88822469B31600E04982 /* Build configuration list for PBXProject "Homepwner" */;
			compatibilityVersion = "Xcode 9.3";
			developmentRegion = en;
			hasScannedForEncodings = 0;
			knownRegions = (
				en,
				Base,
			);
			mainGroup = 971C887E2469B31600E04982;
			productRefGroup = 971C88882469B31700E04982 /* Products */;
			projectDirPath = "";
			projectRoot = "";
			targets = (
				971C88862469B31700E04982 /* Homepwner */,
			);
		};
/* End PBXProject section */

/* Begin PBXResourcesBuildPhase section */
		971C88852469B31700E04982 /* Resources */ = {
			isa = PBXResourcesBuildPhase;
			buildActionMask = 2147483647;
			files = (
				971C889A2469B31900E04982 /* LaunchScreen.storyboard in Resources */,
				973B8C1C2499B38B008A3510 /* BNRItemCell.xib in Resources */,
				971C88972469B31900E04982 /* Assets.xcassets in Resources */,
				971C88B52469D03C00E04982 /* BNRItem.xib in Resources */,
				971C88952469B31700E04982 /* Main.storyboard in Resources */,
				971C88B02469C70800E04982 /* HeaderView.xib in Resources */,
			);
			runOnlyForDeploymentPostprocessing = 0;
		};
/* End PBXResourcesBuildPhase section */

/* Begin PBXSourcesBuildPhase section */
		971C88832469B31700E04982 /* Sources */ = {
			isa = PBXSourcesBuildPhase;
			buildActionMask = 2147483647;
			files = (
				971C88B32469D01C00E04982 /* BNRDetailViewController.m in Sources */,
				973B8C23249B341B008A3510 /* BNRItemCell.m in Sources */,
				971C888C2469B31700E04982 /* AppDelegate.m in Sources */,
				971C88BB2469D9B400E04982 /* BNRImageStore.m in Sources */,
				971C88A82469B74300E04982 /* BNRItem.m in Sources */,
				971C889D2469B31900E04982 /* main.m in Sources */,
				971C88A52469B33C00E04982 /* BNRItemsViewController.m in Sources */,
				971C88B82469D70E00E04982 /* BNRItemStore.m in Sources */,
			);
			runOnlyForDeploymentPostprocessing = 0;
		};
/* End PBXSourcesBuildPhase section */

/* Begin PBXVariantGroup section */
		971C88932469B31700E04982 /* Main.storyboard */ = {
			isa = PBXVariantGroup;
			children = (
				971C88942469B31700E04982 /* Base */,
			);
			name = Main.storyboard;
			sourceTree = "<group>";
		};
		971C88982469B31900E04982 /* LaunchScreen.storyboard */ = {
			isa = PBXVariantGroup;
			children = (
				971C88992469B31900E04982 /* Base */,
			);
			name = LaunchScreen.storyboard;
			sourceTree = "<group>";
		};
/* End PBXVariantGroup section */

/* Begin XCBuildConfiguration section */
		971C889E2469B31900E04982 /* Debug */ = {
			isa = XCBuildConfiguration;
			buildSettings = {
				ALWAYS_SEARCH_USER_PATHS = NO;
				CLANG_ANALYZER_NONNULL = YES;
				CLANG_ANALYZER_NUMBER_OBJECT_CONVERSION = YES_AGGRESSIVE;
				CLANG_CXX_LANGUAGE_STANDARD = "gnu++14";
				CLANG_CXX_LIBRARY = "libc++";
				CLANG_ENABLE_MODULES = YES;
				CLANG_ENABLE_OBJC_ARC = YES;
				CLANG_ENABLE_OBJC_WEAK = YES;
				CLANG_WARN_BLOCK_CAPTURE_AUTORELEASING = YES;
				CLANG_WARN_BOOL_CONVERSION = YES;
				CLANG_WARN_COMMA = YES;
				CLANG_WARN_CONSTANT_CONVERSION = YES;
				CLANG_WARN_DEPRECATED_OBJC_IMPLEMENTATIONS = YES;
				CLANG_WARN_DIRECT_OBJC_ISA_USAGE = YES_ERROR;
				CLANG_WARN_DOCUMENTATION_COMMENTS = YES;
				CLANG_WARN_EMPTY_BODY = YES;
				CLANG_WARN_ENUM_CONVERSION = YES;
				CLANG_WARN_INFINITE_RECURSION = YES;
				CLANG_WARN_INT_CONVERSION = YES;
				CLANG_WARN_NON_LITERAL_NULL_CONVERSION = YES;
				CLANG_WARN_OBJC_IMPLICIT_RETAIN_SELF = YES;
				CLANG_WARN_OBJC_LITERAL_CONVERSION = YES;
				CLANG_WARN_OBJC_ROOT_CLASS = YES_ERROR;
				CLANG_WARN_RANGE_LOOP_ANALYSIS = YES;
				CLANG_WARN_STRICT_PROTOTYPES = YES;
				CLANG_WARN_SUSPICIOUS_MOVE = YES;
				CLANG_WARN_UNGUARDED_AVAILABILITY = YES_AGGRESSIVE;
				CLANG_WARN_UNREACHABLE_CODE = YES;
				CLANG_WARN__DUPLICATE_METHOD_MATCH = YES;
				COPY_PHASE_STRIP = NO;
				DEBUG_INFORMATION_FORMAT = dwarf;
				ENABLE_STRICT_OBJC_MSGSEND = YES;
				ENABLE_TESTABILITY = YES;
				GCC_C_LANGUAGE_STANDARD = gnu11;
				GCC_DYNAMIC_NO_PIC = NO;
				GCC_NO_COMMON_BLOCKS = YES;
				GCC_OPTIMIZATION_LEVEL = 0;
				GCC_PREPROCESSOR_DEFINITIONS = (
					"DEBUG=1",
					"$(inherited)",
				);
				GCC_WARN_64_TO_32_BIT_CONVERSION = YES;
				GCC_WARN_ABOUT_RETURN_TYPE = YES_ERROR;
				GCC_WARN_UNDECLARED_SELECTOR = YES;
				GCC_WARN_UNINITIALIZED_AUTOS = YES_AGGRESSIVE;
				GCC_WARN_UNUSED_FUNCTION = YES;
				GCC_WARN_UNUSED_VARIABLE = YES;
				IPHONEOS_DEPLOYMENT_TARGET = 13.5;
				MTL_ENABLE_DEBUG_INFO = INCLUDE_SOURCE;
				MTL_FAST_MATH = YES;
				ONLY_ACTIVE_ARCH = YES;
				SDKROOT = iphoneos;
			};
			name = Debug;
		};
		971C889F2469B31900E04982 /* Release */ = {
			isa = XCBuildConfiguration;
			buildSettings = {
				ALWAYS_SEARCH_USER_PATHS = NO;
				CLANG_ANALYZER_NONNULL = YES;
				CLANG_ANALYZER_NUMBER_OBJECT_CONVERSION = YES_AGGRESSIVE;
				CLANG_CXX_LANGUAGE_STANDARD = "gnu++14";
				CLANG_CXX_LIBRARY = "libc++";
				CLANG_ENABLE_MODULES = YES;
				CLANG_ENABLE_OBJC_ARC = YES;
				CLANG_ENABLE_OBJC_WEAK = YES;
				CLANG_WARN_BLOCK_CAPTURE_AUTORELEASING = YES;
				CLANG_WARN_BOOL_CONVERSION = YES;
				CLANG_WARN_COMMA = YES;
				CLANG_WARN_CONSTANT_CONVERSION = YES;
				CLANG_WARN_DEPRECATED_OBJC_IMPLEMENTATIONS = YES;
				CLANG_WARN_DIRECT_OBJC_ISA_USAGE = YES_ERROR;
				CLANG_WARN_DOCUMENTATION_COMMENTS = YES;
				CLANG_WARN_EMPTY_BODY = YES;
				CLANG_WARN_ENUM_CONVERSION = YES;
				CLANG_WARN_INFINITE_RECURSION = YES;
				CLANG_WARN_INT_CONVERSION = YES;
				CLANG_WARN_NON_LITERAL_NULL_CONVERSION = YES;
				CLANG_WARN_OBJC_IMPLICIT_RETAIN_SELF = YES;
				CLANG_WARN_OBJC_LITERAL_CONVERSION = YES;
				CLANG_WARN_OBJC_ROOT_CLASS = YES_ERROR;
				CLANG_WARN_RANGE_LOOP_ANALYSIS = YES;
				CLANG_WARN_STRICT_PROTOTYPES = YES;
				CLANG_WARN_SUSPICIOUS_MOVE = YES;
				CLANG_WARN_UNGUARDED_AVAILABILITY = YES_AGGRESSIVE;
				CLANG_WARN_UNREACHABLE_CODE = YES;
				CLANG_WARN__DUPLICATE_METHOD_MATCH = YES;
				COPY_PHASE_STRIP = NO;
				DEBUG_INFORMATION_FORMAT = "dwarf-with-dsym";
				ENABLE_NS_ASSERTIONS = NO;
				ENABLE_STRICT_OBJC_MSGSEND = YES;
				GCC_C_LANGUAGE_STANDARD = gnu11;
				GCC_NO_COMMON_BLOCKS = YES;
				GCC_WARN_64_TO_32_BIT_CONVERSION = YES;
				GCC_WARN_ABOUT_RETURN_TYPE = YES_ERROR;
				GCC_WARN_UNDECLARED_SELECTOR = YES;
				GCC_WARN_UNINITIALIZED_AUTOS = YES_AGGRESSIVE;
				GCC_WARN_UNUSED_FUNCTION = YES;
				GCC_WARN_UNUSED_VARIABLE = YES;
				IPHONEOS_DEPLOYMENT_TARGET = 13.5;
				MTL_ENABLE_DEBUG_INFO = NO;
				MTL_FAST_MATH = YES;
				SDKROOT = iphoneos;
				VALIDATE_PRODUCT = YES;
			};
			name = Release;
		};
		971C88A12469B31900E04982 /* Debug */ = {
			isa = XCBuildConfiguration;
			buildSettings = {
				ASSETCATALOG_COMPILER_APPICON_NAME = AppIcon;
				CODE_SIGN_STYLE = Automatic;
				INFOPLIST_FILE = Homepwner/Info.plist;
				LD_RUNPATH_SEARCH_PATHS = (
					"$(inherited)",
					"@executable_path/Frameworks",
				);
				PRODUCT_BUNDLE_IDENTIFIER = com.stellaqx.Homepwner;
				PRODUCT_NAME = "$(TARGET_NAME)";
				TARGETED_DEVICE_FAMILY = "1,2";
			};
			name = Debug;
		};
		971C88A22469B31900E04982 /* Release */ = {
			isa = XCBuildConfiguration;
			buildSettings = {
				ASSETCATALOG_COMPILER_APPICON_NAME = AppIcon;
				CODE_SIGN_STYLE = Automatic;
				INFOPLIST_FILE = Homepwner/Info.plist;
				LD_RUNPATH_SEARCH_PATHS = (
					"$(inherited)",
					"@executable_path/Frameworks",
				);
				PRODUCT_BUNDLE_IDENTIFIER = com.stellaqx.Homepwner;
				PRODUCT_NAME = "$(TARGET_NAME)";
				TARGETED_DEVICE_FAMILY = "1,2";
			};
			name = Release;
		};
/* End XCBuildConfiguration section */

/* Begin XCConfigurationList section */
		971C88822469B31600E04982 /* Build configuration list for PBXProject "Homepwner" */ = {
			isa = XCConfigurationList;
			buildConfigurations = (
				971C889E2469B31900E04982 /* Debug */,
				971C889F2469B31900E04982 /* Release */,
			);
			defaultConfigurationIsVisible = 0;
			defaultConfigurationName = Release;
		};
		971C88A02469B31900E04982 /* Build configuration list for PBXNativeTarget "Homepwner" */ = {
			isa = XCConfigurationList;
			buildConfigurations = (
				971C88A12469B31900E04982 /* Debug */,
				971C88A22469B31900E04982 /* Release */,
			);
			defaultConfigurationIsVisible = 0;
			defaultConfigurationName = Release;
		};
/* End XCConfigurationList section */
	};
	rootObject = 971C887F2469B31600E04982 /* Project object */;
}
